
Microsoft Visual Studio Solution File, Format Version 12.00
# Visual Studio 15
VisualStudioVersion = 15.0.26430.6
MinimumVisualStudioVersion = 10.0.40219.1
Project("{FAE04EC0-301F-11D3-BF4B-00C04F79EFBC}") = "XFormsXamlDynamicLoad.Android", "XFormsXamlDynamicLoad\XFormsXamlDynamicLoad.Android\XFormsXamlDynamicLoad.Android.csproj", "{28034C36-45C8-4048-B65F-96846A8769A3}"
EndProject
Project("{FAE04EC0-301F-11D3-BF4B-00C04F79EFBC}") = "XFormsXamlDynamicLoad", "XFormsXamlDynamicLoad\XFormsXamlDynamicLoad\XFormsXamlDynamicLoad.csproj", "{A415F53F-1B4C-487A-8C17-1A3A1A717A09}"
EndProject
Project("{FAE04EC0-301F-11D3-BF4B-00C04F79EFBC}") = "XFormsXamlDynamicLoad.UWP", "XFormsXamlDynamicLoad\XFormsXamlDynamicLoad.UWP\XFormsXamlDynamicLoad.UWP.csproj", "{A5669C5A-929D-4363-BBE5-883B9F9E0C82}"
EndProject
Project("{FAE04EC0-301F-11D3-BF4B-00C04F79EFBC}") = "XFormsXamlDynamicLoad.iOS", "XFormsXamlDynamicLoad\XFormsXamlDynamicLoad.iOS\XFormsXamlDynamicLoad.iOS.csproj", "{E4F750ED-33BA-460F-9ED7-A6FD869F789E}"
EndProject
Global
	GlobalSection(SolutionConfigurationPlatforms) = preSolution
		Ad-Hoc|Any CPU = Ad-Hoc|Any CPU
		Ad-Hoc|ARM = Ad-Hoc|ARM
		Ad-Hoc|iPhone = Ad-Hoc|iPhone
		Ad-Hoc|iPhoneSimulator = Ad-Hoc|iPhoneSimulator
		Ad-Hoc|x64 = Ad-Hoc|x64
		Ad-Hoc|x86 = Ad-Hoc|x86
		AppStore|Any CPU = AppStore|Any CPU
		AppStore|ARM = AppStore|ARM
		AppStore|iPhone = AppStore|iPhone
		AppStore|iPhoneSimulator = AppStore|iPhoneSimulator
		AppStore|x64 = AppStore|x64
		AppStore|x86 = AppStore|x86
		Debug|Any CPU = Debug|Any CPU
		Debug|ARM = Debug|ARM
		Debug|iPhone = Debug|iPhone
		Debug|iPhoneSimulator = Debug|iPhoneSimulator
		Debug|x64 = Debug|x64
		Debug|x86 = Debug|x86
		Release|Any CPU = Release|Any CPU
		Release|ARM = Release|ARM
		Release|iPhone = Release|iPhone
		Release|iPhoneSimulator = Release|iPhoneSimulator
		Release|x64 = Release|x64
		Release|x86 = Release|x86
	EndGlobalSection
	GlobalSection(ProjectConfigurationPlatforms) = postSolution
		{28034C36-45C8-4048-B65F-96846A8769A3}.Ad-Hoc|Any CPU.ActiveCfg = Release|Any CPU
		{28034C36-45C8-4048-B65F-96846A8769A3}.Ad-Hoc|Any CPU.Build.0 = Release|Any CPU
		{28034C36-45C8-4048-B65F-96846A8769A3}.Ad-Hoc|Any CPU.Deploy.0 = Release|Any CPU
		{28034C36-45C8-4048-B65F-96846A8769A3}.Ad-Hoc|ARM.ActiveCfg = Release|Any CPU
		{28034C36-45C8-4048-B65F-96846A8769A3}.Ad-Hoc|ARM.Build.0 = Release|Any CPU
		{28034C36-45C8-4048-B65F-96846A8769A3}.Ad-Hoc|ARM.Deploy.0 = Release|Any CPU
		{28034C36-45C8-4048-B65F-96846A8769A3}.Ad-Hoc|iPhone.ActiveCfg = Release|Any CPU
		{28034C36-45C8-4048-B65F-96846A8769A3}.Ad-Hoc|iPhone.Build.0 = Release|Any CPU
		{28034C36-45C8-4048-B65F-96846A8769A3}.Ad-Hoc|iPhone.Deploy.0 = Release|Any CPU
		{28034C36-45C8-4048-B65F-96846A8769A3}.Ad-Hoc|iPhoneSimulator.ActiveCfg = Release|Any CPU
		{28034C36-45C8-4048-B65F-96846A8769A3}.Ad-Hoc|iPhoneSimulator.Build.0 = Release|Any CPU
		{28034C36-45C8-4048-B65F-96846A8769A3}.Ad-Hoc|iPhoneSimulator.Deploy.0 = Release|Any CPU
		{28034C36-45C8-4048-B65F-96846A8769A3}.Ad-Hoc|x64.ActiveCfg = Release|Any CPU
		{28034C36-45C8-4048-B65F-96846A8769A3}.Ad-Hoc|x64.Build.0 = Release|Any CPU
		{28034C36-45C8-4048-B65F-96846A8769A3}.Ad-Hoc|x64.Deploy.0 = Release|Any CPU
		{28034C36-45C8-4048-B65F-96846A8769A3}.Ad-Hoc|x86.ActiveCfg = Release|Any CPU
		{28034C36-45C8-4048-B65F-96846A8769A3}.Ad-Hoc|x86.Build.0 = Release|Any CPU
		{28034C36-45C8-4048-B65F-96846A8769A3}.Ad-Hoc|x86.Deploy.0 = Release|Any CPU
		{28034C36-45C8-4048-B65F-96846A8769A3}.AppStore|Any CPU.ActiveCfg = Release|Any CPU
		{28034C36-45C8-4048-B65F-96846A8769A3}.AppStore|Any CPU.Build.0 = Release|Any CPU
		{28034C36-45C8-4048-B65F-96846A8769A3}.AppStore|Any CPU.Deploy.0 = Release|Any CPU
		{28034C36-45C8-4048-B65F-96846A8769A3}.AppStore|ARM.ActiveCfg = Release|Any CPU
		{28034C36-45C8-4048-B65F-96846A8769A3}.AppStore|ARM.Build.0 = Release|Any CPU
		{28034C36-45C8-4048-B65F-96846A8769A3}.AppStore|ARM.Deploy.0 = Release|Any CPU
		{28034C36-45C8-4048-B65F-96846A8769A3}.AppStore|iPhone.ActiveCfg = Release|Any CPU
		{28034C36-45C8-4048-B65F-96846A8769A3}.AppStore|iPhone.Build.0 = Release|Any CPU
		{28034C36-45C8-4048-B65F-96846A8769A3}.AppStore|iPhone.Deploy.0 = Release|Any CPU
		{28034C36-45C8-4048-B65F-96846A8769A3}.AppStore|iPhoneSimulator.ActiveCfg = Release|Any CPU
		{28034C36-45C8-4048-B65F-96846A8769A3}.AppStore|iPhoneSimulator.Build.0 = Release|Any CPU
		{28034C36-45C8-4048-B65F-96846A8769A3}.AppStore|iPhoneSimulator.Deploy.0 = Release|Any CPU
		{28034C36-45C8-4048-B65F-96846A8769A3}.AppStore|x64.ActiveCfg = Release|Any CPU
		{28034C36-45C8-4048-B65F-96846A8769A3}.AppStore|x64.Build.0 = Release|Any CPU
		{28034C36-45C8-4048-B65F-96846A8769A3}.AppStore|x64.Deploy.0 = Release|Any CPU
		{28034C36-45C8-4048-B65F-96846A8769A3}.AppStore|x86.ActiveCfg = Release|Any CPU
		{28034C36-45C8-4048-B65F-96846A8769A3}.AppStore|x86.Build.0 = Release|Any CPU
		{28034C36-45C8-4048-B65F-96846A8769A3}.AppStore|x86.Deploy.0 = Release|Any CPU
		{28034C36-45C8-4048-B65F-96846A8769A3}.Debug|Any CPU.ActiveCfg = Debug|Any CPU
		{28034C36-45C8-4048-B65F-96846A8769A3}.Debug|Any CPU.Build.0 = Debug|Any CPU
		{28034C36-45C8-4048-B65F-96846A8769A3}.Debug|Any CPU.Deploy.0 = Debug|Any CPU
		{28034C36-45C8-4048-B65F-96846A8769A3}.Debug|ARM.ActiveCfg = Debug|Any CPU
		{28034C36-45C8-4048-B65F-96846A8769A3}.Debug|ARM.Build.0 = Debug|Any CPU
		{28034C36-45C8-4048-B65F-96846A8769A3}.Debug|ARM.Deploy.0 = Debug|Any CPU
		{28034C36-45C8-4048-B65F-96846A8769A3}.Debug|iPhone.ActiveCfg = Debug|Any CPU
		{28034C36-45C8-4048-B65F-96846A8769A3}.Debug|iPhone.Build.0 = Debug|Any CPU
		{28034C36-45C8-4048-B65F-96846A8769A3}.Debug|iPhone.Deploy.0 = Debug|Any CPU
		{28034C36-45C8-4048-B65F-96846A8769A3}.Debug|iPhoneSimulator.ActiveCfg = Debug|Any CPU
		{28034C36-45C8-4048-B65F-96846A8769A3}.Debug|iPhoneSimulator.Build.0 = Debug|Any CPU
		{28034C36-45C8-4048-B65F-96846A8769A3}.Debug|iPhoneSimulator.Deploy.0 = Debug|Any CPU
		{28034C36-45C8-4048-B65F-96846A8769A3}.Debug|x64.ActiveCfg = Debug|Any CPU
		{28034C36-45C8-4048-B65F-96846A8769A3}.Debug|x64.Build.0 = Debug|Any CPU
		{28034C36-45C8-4048-B65F-96846A8769A3}.Debug|x64.Deploy.0 = Debug|Any CPU
		{28034C36-45C8-4048-B65F-96846A8769A3}.Debug|x86.ActiveCfg = Debug|Any CPU
		{28034C36-45C8-4048-B65F-96846A8769A3}.Debug|x86.Build.0 = Debug|Any CPU
		{28034C36-45C8-4048-B65F-96846A8769A3}.Debug|x86.Deploy.0 = Debug|Any CPU
		{28034C36-45C8-4048-B65F-96846A8769A3}.Release|Any CPU.ActiveCfg = Release|Any CPU
		{28034C36-45C8-4048-B65F-96846A8769A3}.Release|Any CPU.Build.0 = Release|Any CPU
		{28034C36-45C8-4048-B65F-96846A8769A3}.Release|Any CPU.Deploy.0 = Release|Any CPU
		{28034C36-45C8-4048-B65F-96846A8769A3}.Release|ARM.ActiveCfg = Release|Any CPU
		{28034C36-45C8-4048-B65F-96846A8769A3}.Release|ARM.Build.0 = Release|Any CPU
		{28034C36-45C8-4048-B65F-96846A8769A3}.Release|ARM.Deploy.0 = Release|Any CPU
		{28034C36-45C8-4048-B65F-96846A8769A3}.Release|iPhone.ActiveCfg = Release|Any CPU
		{28034C36-45C8-4048-B65F-96846A8769A3}.Release|iPhone.Build.0 = Release|Any CPU
		{28034C36-45C8-4048-B65F-96846A8769A3}.Release|iPhone.Deploy.0 = Release|Any CPU
		{28034C36-45C8-4048-B65F-96846A8769A3}.Release|iPhoneSimulator.ActiveCfg = Release|Any CPU
		{28034C36-45C8-4048-B65F-96846A8769A3}.Release|iPhoneSimulator.Build.0 = Release|Any CPU
		{28034C36-45C8-4048-B65F-96846A8769A3}.Release|iPhoneSimulator.Deploy.0 = Release|Any CPU
		{28034C36-45C8-4048-B65F-96846A8769A3}.Release|x64.ActiveCfg = Release|Any CPU
		{28034C36-45C8-4048-B65F-96846A8769A3}.Release|x64.Build.0 = Release|Any CPU
		{28034C36-45C8-4048-B65F-96846A8769A3}.Release|x64.Deploy.0 = Release|Any CPU
		{28034C36-45C8-4048-B65F-96846A8769A3}.Release|x86.ActiveCfg = Release|Any CPU
		{28034C36-45C8-4048-B65F-96846A8769A3}.Release|x86.Build.0 = Release|Any CPU
		{28034C36-45C8-4048-B65F-96846A8769A3}.Release|x86.Deploy.0 = Release|Any CPU
		{A415F53F-1B4C-487A-8C17-1A3A1A717A09}.Ad-Hoc|Any CPU.ActiveCfg = Release|Any CPU
		{A415F53F-1B4C-487A-8C17-1A3A1A717A09}.Ad-Hoc|Any CPU.Build.0 = Release|Any CPU
		{A415F53F-1B4C-487A-8C17-1A3A1A717A09}.Ad-Hoc|ARM.ActiveCfg = Release|Any CPU
		{A415F53F-1B4C-487A-8C17-1A3A1A717A09}.Ad-Hoc|ARM.Build.0 = Release|Any CPU
		{A415F53F-1B4C-487A-8C17-1A3A1A717A09}.Ad-Hoc|iPhone.ActiveCfg = Release|Any CPU
		{A415F53F-1B4C-487A-8C17-1A3A1A717A09}.Ad-Hoc|iPhone.Build.0 = Release|Any CPU
		{A415F53F-1B4C-487A-8C17-1A3A1A717A09}.Ad-Hoc|iPhoneSimulator.ActiveCfg = Release|Any CPU
		{A415F53F-1B4C-487A-8C17-1A3A1A717A09}.Ad-Hoc|iPhoneSimulator.Build.0 = Release|Any CPU
		{A415F53F-1B4C-487A-8C17-1A3A1A717A09}.Ad-Hoc|x64.ActiveCfg = Release|Any CPU
		{A415F53F-1B4C-487A-8C17-1A3A1A717A09}.Ad-Hoc|x64.Build.0 = Release|Any CPU
		{A415F53F-1B4C-487A-8C17-1A3A1A717A09}.Ad-Hoc|x86.ActiveCfg = Release|Any CPU
		{A415F53F-1B4C-487A-8C17-1A3A1A717A09}.Ad-Hoc|x86.Build.0 = Release|Any CPU
		{A415F53F-1B4C-487A-8C17-1A3A1A717A09}.AppStore|Any CPU.ActiveCfg = Release|Any CPU
		{A415F53F-1B4C-487A-8C17-1A3A1A717A09}.AppStore|Any CPU.Build.0 = Release|Any CPU
		{A415F53F-1B4C-487A-8C17-1A3A1A717A09}.AppStore|ARM.ActiveCfg = Release|Any CPU
		{A415F53F-1B4C-487A-8C17-1A3A1A717A09}.AppStore|ARM.Build.0 = Release|Any CPU
		{A415F53F-1B4C-487A-8C17-1A3A1A717A09}.AppStore|iPhone.ActiveCfg = Release|Any CPU
		{A415F53F-1B4C-487A-8C17-1A3A1A717A09}.AppStore|iPhone.Build.0 = Release|Any CPU
		{A415F53F-1B4C-487A-8C17-1A3A1A717A09}.AppStore|iPhoneSimulator.ActiveCfg = Release|Any CPU
		{A415F53F-1B4C-487A-8C17-1A3A1A717A09}.AppStore|iPhoneSimulator.Build.0 = Release|Any CPU
		{A415F53F-1B4C-487A-8C17-1A3A1A717A09}.AppStore|x64.ActiveCfg = Release|Any CPU
		{A415F53F-1B4C-487A-8C17-1A3A1A717A09}.AppStore|x64.Build.0 = Release|Any CPU
		{A415F53F-1B4C-487A-8C17-1A3A1A717A09}.AppStore|x86.ActiveCfg = Release|Any CPU
		{A415F53F-1B4C-487A-8C17-1A3A1A717A09}.AppStore|x86.Build.0 = Release|Any CPU
		{A415F53F-1B4C-487A-8C17-1A3A1A717A09}.Debug|Any CPU.ActiveCfg = Debug|Any CPU
		{A415F53F-1B4C-487A-8C17-1A3A1A717A09}.Debug|Any CPU.Build.0 = Debug|Any CPU
		{A415F53F-1B4C-487A-8C17-1A3A1A717A09}.Debug|ARM.ActiveCfg = Debug|Any CPU
		{A415F53F-1B4C-487A-8C17-1A3A1A717A09}.Debug|ARM.Build.0 = Debug|Any CPU
		{A415F53F-1B4C-487A-8C17-1A3A1A717A09}.Debug|iPhone.ActiveCfg = Debug|Any CPU
		{A415F53F-1B4C-487A-8C17-1A3A1A717A09}.Debug|iPhone.Build.0 = Debug|Any CPU
		{A415F53F-1B4C-487A-8C17-1A3A1A717A09}.Debug|iPhoneSimulator.ActiveCfg = Debug|Any CPU
		{A415F53F-1B4C-487A-8C17-1A3A1A717A09}.Debug|iPhoneSimulator.Build.0 = Debug|Any CPU
		{A415F53F-1B4C-487A-8C17-1A3A1A717A09}.Debug|x64.ActiveCfg = Debug|Any CPU
		{A415F53F-1B4C-487A-8C17-1A3A1A717A09}.Debug|x64.Build.0 = Debug|Any CPU
		{A415F53F-1B4C-487A-8C17-1A3A1A717A09}.Debug|x86.ActiveCfg = Debug|Any CPU
		{A415F53F-1B4C-487A-8C17-1A3A1A717A09}.Debug|x86.Build.0 = Debug|Any CPU
		{A415F53F-1B4C-487A-8C17-1A3A1A717A09}.Release|Any CPU.ActiveCfg = Release|Any CPU
		{A415F53F-1B4C-487A-8C17-1A3A1A717A09}.Release|Any CPU.Build.0 = Release|Any CPU
		{A415F53F-1B4C-487A-8C17-1A3A1A717A09}.Release|ARM.ActiveCfg = Release|Any CPU
		{A415F53F-1B4C-487A-8C17-1A3A1A717A09}.Release|ARM.Build.0 = Release|Any CPU
		{A415F53F-1B4C-487A-8C17-1A3A1A717A09}.Release|iPhone.ActiveCfg = Release|Any CPU
		{A415F53F-1B4C-487A-8C17-1A3A1A717A09}.Release|iPhone.Build.0 = Release|Any CPU
		{A415F53F-1B4C-487A-8C17-1A3A1A717A09}.Release|iPhoneSimulator.ActiveCfg = Release|Any CPU
		{A415F53F-1B4C-487A-8C17-1A3A1A717A09}.Release|iPhoneSimulator.Build.0 = Release|Any CPU
		{A415F53F-1B4C-487A-8C17-1A3A1A717A09}.Release|x64.ActiveCfg = Release|Any CPU
		{A415F53F-1B4C-487A-8C17-1A3A1A717A09}.Release|x64.Build.0 = Release|Any CPU
		{A415F53F-1B4C-487A-8C17-1A3A1A717A09}.Release|x86.ActiveCfg = Release|Any CPU
		{A415F53F-1B4C-487A-8C17-1A3A1A717A09}.Release|x86.Build.0 = Release|Any CPU
		{A5669C5A-929D-4363-BBE5-883B9F9E0C82}.Ad-Hoc|Any CPU.ActiveCfg = Release|x86
		{A5669C5A-929D-4363-BBE5-883B9F9E0C82}.Ad-Hoc|Any CPU.Build.0 = Release|x86
		{A5669C5A-929D-4363-BBE5-883B9F9E0C82}.Ad-Hoc|Any CPU.Deploy.0 = Release|x86
		{A5669C5A-929D-4363-BBE5-883B9F9E0C82}.Ad-Hoc|ARM.ActiveCfg = Release|ARM
		{A5669C5A-929D-4363-BBE5-883B9F9E0C82}.Ad-Hoc|ARM.Build.0 = Release|ARM
		{A5669C5A-929D-4363-BBE5-883B9F9E0C82}.Ad-Hoc|ARM.Deploy.0 = Release|ARM
		{A5669C5A-929D-4363-BBE5-883B9F9E0C82}.Ad-Hoc|iPhone.ActiveCfg = Release|x86
		{A5669C5A-929D-4363-BBE5-883B9F9E0C82}.Ad-Hoc|iPhone.Build.0 = Release|x86
		{A5669C5A-929D-4363-BBE5-883B9F9E0C82}.Ad-Hoc|iPhone.Deploy.0 = Release|x86
		{A5669C5A-929D-4363-BBE5-883B9F9E0C82}.Ad-Hoc|iPhoneSimulator.ActiveCfg = Release|x86
		{A5669C5A-929D-4363-BBE5-883B9F9E0C82}.Ad-Hoc|iPhoneSimulator.Build.0 = Release|x86
		{A5669C5A-929D-4363-BBE5-883B9F9E0C82}.Ad-Hoc|iPhoneSimulator.Deploy.0 = Release|x86
		{A5669C5A-929D-4363-BBE5-883B9F9E0C82}.Ad-Hoc|x64.ActiveCfg = Release|x64
		{A5669C5A-929D-4363-BBE5-883B9F9E0C82}.Ad-Hoc|x64.Build.0 = Release|x64
		{A5669C5A-929D-4363-BBE5-883B9F9E0C82}.Ad-Hoc|x64.Deploy.0 = Release|x64
		{A5669C5A-929D-4363-BBE5-883B9F9E0C82}.Ad-Hoc|x86.ActiveCfg = Release|x86
		{A5669C5A-929D-4363-BBE5-883B9F9E0C82}.Ad-Hoc|x86.Build.0 = Release|x86
		{A5669C5A-929D-4363-BBE5-883B9F9E0C82}.Ad-Hoc|x86.Deploy.0 = Release|x86
		{A5669C5A-929D-4363-BBE5-883B9F9E0C82}.AppStore|Any CPU.ActiveCfg = Release|x86
		{A5669C5A-929D-4363-BBE5-883B9F9E0C82}.AppStore|Any CPU.Build.0 = Release|x86
		{A5669C5A-929D-4363-BBE5-883B9F9E0C82}.AppStore|Any CPU.Deploy.0 = Release|x86
		{A5669C5A-929D-4363-BBE5-883B9F9E0C82}.AppStore|ARM.ActiveCfg = Release|ARM
		{A5669C5A-929D-4363-BBE5-883B9F9E0C82}.AppStore|ARM.Build.0 = Release|ARM
		{A5669C5A-929D-4363-BBE5-883B9F9E0C82}.AppStore|ARM.Deploy.0 = Release|ARM
		{A5669C5A-929D-4363-BBE5-883B9F9E0C82}.AppStore|iPhone.ActiveCfg = Release|x86
		{A5669C5A-929D-4363-BBE5-883B9F9E0C82}.AppStore|iPhone.Build.0 = Release|x86
		{A5669C5A-929D-4363-BBE5-883B9F9E0C82}.AppStore|iPhone.Deploy.0 = Release|x86
		{A5669C5A-929D-4363-BBE5-883B9F9E0C82}.AppStore|iPhoneSimulator.ActiveCfg = Release|x86
		{A5669C5A-929D-4363-BBE5-883B9F9E0C82}.AppStore|iPhoneSimulator.Build.0 = Release|x86
		{A5669C5A-929D-4363-BBE5-883B9F9E0C82}.AppStore|iPhoneSimulator.Deploy.0 = Release|x86
		{A5669C5A-929D-4363-BBE5-883B9F9E0C82}.AppStore|x64.ActiveCfg = Release|x64
		{A5669C5A-929D-4363-BBE5-883B9F9E0C82}.AppStore|x64.Build.0 = Release|x64
		{A5669C5A-929D-4363-BBE5-883B9F9E0C82}.AppStore|x64.Deploy.0 = Release|x64
		{A5669C5A-929D-4363-BBE5-883B9F9E0C82}.AppStore|x86.ActiveCfg = Release|x86
		{A5669C5A-929D-4363-BBE5-883B9F9E0C82}.AppStore|x86.Build.0 = Release|x86
		{A5669C5A-929D-4363-BBE5-883B9F9E0C82}.AppStore|x86.Deploy.0 = Release|x86
		{A5669C5A-929D-4363-BBE5-883B9F9E0C82}.Debug|Any CPU.ActiveCfg = Debug|x86
		{A5669C5A-929D-4363-BBE5-883B9F9E0C82}.Debug|Any CPU.Build.0 = Debug|x86
		{A5669C5A-929D-4363-BBE5-883B9F9E0C82}.Debug|Any CPU.Deploy.0 = Debug|x86
		{A5669C5A-929D-4363-BBE5-883B9F9E0C82}.Debug|ARM.ActiveCfg = Debug|ARM
		{A5669C5A-929D-4363-BBE5-883B9F9E0C82}.Debug|ARM.Build.0 = Debug|ARM
		{A5669C5A-929D-4363-BBE5-883B9F9E0C82}.Debug|ARM.Deploy.0 = Debug|ARM
		{A5669C5A-929D-4363-BBE5-883B9F9E0C82}.Debug|iPhone.ActiveCfg = Debug|x86
		{A5669C5A-929D-4363-BBE5-883B9F9E0C82}.Debug|iPhoneSimulator.ActiveCfg = Debug|x86
		{A5669C5A-929D-4363-BBE5-883B9F9E0C82}.Debug|x64.ActiveCfg = Debug|x64
		{A5669C5A-929D-4363-BBE5-883B9F9E0C82}.Debug|x64.Build.0 = Debug|x64
		{A5669C5A-929D-4363-BBE5-883B9F9E0C82}.Debug|x64.Deploy.0 = Debug|x64
		{A5669C5A-929D-4363-BBE5-883B9F9E0C82}.Debug|x86.ActiveCfg = Debug|x86
		{A5669C5A-929D-4363-BBE5-883B9F9E0C82}.Debug|x86.Build.0 = Debug|x86
		{A5669C5A-929D-4363-BBE5-883B9F9E0C82}.Debug|x86.Deploy.0 = Debug|x86
		{A5669C5A-929D-4363-BBE5-883B9F9E0C82}.Release|Any CPU.ActiveCfg = Release|x86
		{A5669C5A-929D-4363-BBE5-883B9F9E0C82}.Release|ARM.ActiveCfg = Release|ARM
		{A5669C5A-929D-4363-BBE5-883B9F9E0C82}.Release|ARM.Build.0 = Release|ARM
		{A5669C5A-929D-4363-BBE5-883B9F9E0C82}.Release|ARM.Deploy.0 = Release|ARM
		{A5669C5A-929D-4363-BBE5-883B9F9E0C82}.Release|iPhone.ActiveCfg = Release|x86
		{A5669C5A-929D-4363-BBE5-883B9F9E0C82}.Release|iPhoneSimulator.ActiveCfg = Release|x86
		{A5669C5A-929D-4363-BBE5-883B9F9E0C82}.Release|x64.ActiveCfg = Release|x64
		{A5669C5A-929D-4363-BBE5-883B9F9E0C82}.Release|x64.Build.0 = Release|x64
		{A5669C5A-929D-4363-BBE5-883B9F9E0C82}.Release|x64.Deploy.0 = Release|x64
		{A5669C5A-929D-4363-BBE5-883B9F9E0C82}.Release|x86.ActiveCfg = Release|x86
		{A5669C5A-929D-4363-BBE5-883B9F9E0C82}.Release|x86.Build.0 = Release|x86
		{A5669C5A-929D-4363-BBE5-883B9F9E0C82}.Release|x86.Deploy.0 = Release|x86
		{E4F750ED-33BA-460F-9ED7-A6FD869F789E}.Ad-Hoc|Any CPU.ActiveCfg = Ad-Hoc|iPhone
		{E4F750ED-33BA-460F-9ED7-A6FD869F789E}.Ad-Hoc|ARM.ActiveCfg = Ad-Hoc|iPhone
		{E4F750ED-33BA-460F-9ED7-A6FD869F789E}.Ad-Hoc|iPhone.ActiveCfg = Ad-Hoc|iPhone
		{E4F750ED-33BA-460F-9ED7-A6FD869F789E}.Ad-Hoc|iPhone.Build.0 = Ad-Hoc|iPhone
		{E4F750ED-33BA-460F-9ED7-A6FD869F789E}.Ad-Hoc|iPhoneSimulator.ActiveCfg = Ad-Hoc|iPhoneSimulator
		{E4F750ED-33BA-460F-9ED7-A6FD869F789E}.Ad-Hoc|iPhoneSimulator.Build.0 = Ad-Hoc|iPhoneSimulator
		{E4F750ED-33BA-460F-9ED7-A6FD869F789E}.Ad-Hoc|x64.ActiveCfg = Ad-Hoc|iPhone
		{E4F750ED-33BA-460F-9ED7-A6FD869F789E}.Ad-Hoc|x86.ActiveCfg = Ad-Hoc|iPhone
		{E4F750ED-33BA-460F-9ED7-A6FD869F789E}.AppStore|Any CPU.ActiveCfg = AppStore|iPhone
		{E4F750ED-33BA-460F-9ED7-A6FD869F789E}.AppStore|ARM.ActiveCfg = AppStore|iPhone
		{E4F750ED-33BA-460F-9ED7-A6FD869F789E}.AppStore|iPhone.ActiveCfg = AppStore|iPhone
		{E4F750ED-33BA-460F-9ED7-A6FD869F789E}.AppStore|iPhone.Build.0 = AppStore|iPhone
		{E4F750ED-33BA-460F-9ED7-A6FD869F789E}.AppStore|iPhoneSimulator.ActiveCfg = AppStore|iPhoneSimulator
		{E4F750ED-33BA-460F-9ED7-A6FD869F789E}.AppStore|iPhoneSimulator.Build.0 = AppStore|iPhoneSimulator
		{E4F750ED-33BA-460F-9ED7-A6FD869F789E}.AppStore|x64.ActiveCfg = AppStore|iPhone
		{E4F750ED-33BA-460F-9ED7-A6FD869F789E}.AppStore|x86.ActiveCfg = AppStore|iPhone
		{E4F750ED-33BA-460F-9ED7-A6FD869F789E}.Debug|Any CPU.ActiveCfg = Debug|iPhone
		{E4F750ED-33BA-460F-9ED7-A6FD869F789E}.Debug|ARM.ActiveCfg = Debug|iPhone
		{E4F750ED-33BA-460F-9ED7-A6FD869F789E}.Debug|iPhone.ActiveCfg = Debug|iPhone
		{E4F750ED-33BA-460F-9ED7-A6FD869F789E}.Debug|iPhone.Build.0 = Debug|iPhone
		{E4F750ED-33BA-460F-9ED7-A6FD869F789E}.Debug|iPhoneSimulator.ActiveCfg = Debug|iPhoneSimulator
		{E4F750ED-33BA-460F-9ED7-A6FD869F789E}.Debug|iPhoneSimulator.Build.0 = Debug|iPhoneSimulator
		{E4F750ED-33BA-460F-9ED7-A6FD869F789E}.Debug|x64.ActiveCfg = Debug|iPhone
		{E4F750ED-33BA-460F-9ED7-A6FD869F789E}.Debug|x86.ActiveCfg = Debug|iPhone
		{E4F750ED-33BA-460F-9ED7-A6FD869F789E}.Release|Any CPU.ActiveCfg = Release|iPhone
		{E4F750ED-33BA-460F-9ED7-A6FD869F789E}.Release|ARM.ActiveCfg = Release|iPhone
		{E4F750ED-33BA-460F-9ED7-A6FD869F789E}.Release|iPhone.ActiveCfg = Release|iPhone
		{E4F750ED-33BA-460F-9ED7-A6FD869F789E}.Release|iPhone.Build.0 = Release|iPhone
		{E4F750ED-33BA-460F-9ED7-A6FD869F789E}.Release|iPhoneSimulator.ActiveCfg = Release|iPhoneSimulator
		{E4F750ED-33BA-460F-9ED7-A6FD869F789E}.Release|iPhoneSimulator.Build.0 = Release|iPhoneSimulator
		{E4F750ED-33BA-460F-9ED7-A6FD869F789E}.Release|x64.ActiveCfg = Release|iPhone
		{E4F750ED-33BA-460F-9ED7-A6FD869F789E}.Release|x86.ActiveCfg = Release|iPhone
	EndGlobalSection
	GlobalSection(SolutionProperties) = preSolution
		HideSolutionNode = FALSE
	EndGlobalSection
EndGlobal
